// !$*UTF8*$!
{
	archiveVersion = 1;
	classes = {
	};
	objectVersion = 46;
	objects = {

/* Begin PBXBuildFile section */
		D6F640471E7F065C00F9ADC5 /* AppDelegate.swift in Sources */ = {isa = PBXBuildFile; fileRef = D6F640461E7F065C00F9ADC5 /* AppDelegate.swift */; };
		D6F6404C1E7F065C00F9ADC5 /* Main.storyboard in Resources */ = {isa = PBXBuildFile; fileRef = D6F6404A1E7F065C00F9ADC5 /* Main.storyboard */; };
		D6F6404E1E7F065C00F9ADC5 /* Assets.xcassets in Resources */ = {isa = PBXBuildFile; fileRef = D6F6404D1E7F065C00F9ADC5 /* Assets.xcassets */; };
		D6F640511E7F065C00F9ADC5 /* LaunchScreen.storyboard in Resources */ = {isa = PBXBuildFile; fileRef = D6F6404F1E7F065C00F9ADC5 /* LaunchScreen.storyboard */; };
		D6F640591E7F0DD700F9ADC5 /* PageViewController.swift in Sources */ = {isa = PBXBuildFile; fileRef = D6F640581E7F0DD700F9ADC5 /* PageViewController.swift */; };
/* End PBXBuildFile section */

/* Begin PBXFileReference section */
		D6F640431E7F065C00F9ADC5 /* TryPages.app */ = {isa = PBXFileReference; explicitFileType = wrapper.application; includeInIndex = 0; path = TryPages.app; sourceTree = BUILT_PRODUCTS_DIR; };
		D6F640461E7F065C00F9ADC5 /* AppDelegate.swift */ = {isa = PBXFileReference; lastKnownFileType = sourcecode.swift; path = AppDelegate.swift; sourceTree = "<group>"; };
		D6F6404B1E7F065C00F9ADC5 /* Base */ = {isa = PBXFileReference; lastKnownFileType = file.storyboard; name = Base; path = Base.lproj/Main.storyboard; sourceTree = "<group>"; };
		D6F6404D1E7F065C00F9ADC5 /* Assets.xcassets */ = {isa = PBXFileReference; lastKnownFileType = folder.assetcatalog; path = Assets.xcassets; sourceTree = "<group>"; };
		D6F640501E7F065C00F9ADC5 /* Base */ = {isa = PBXFileReference; lastKnownFileType = file.storyboard; name = Base; path = Base.lproj/LaunchScreen.storyboard; sourceTree = "<group>"; };
		D6F640521E7F065C00F9ADC5 /* Info.plist */ = {isa = PBXFileReference; lastKnownFileType = text.plist.xml; path = Info.plist; sourceTree = "<group>"; };
		D6F640581E7F0DD700F9ADC5 /* PageViewController.swift */ = {isa = PBXFileReference; fileEncoding = 4; lastKnownFileType = sourcecode.swift; path = PageViewController.swift; sourceTree = "<group>"; };
/* End PBXFileReference section */

/* Begin PBXFrameworksBuildPhase section */
		D6F640401E7F065B00F9ADC5 /* Frameworks */ = {
			isa = PBXFrameworksBuildPhase;
			buildActionMask = 2147483647;
			files = (
			);
			runOnlyForDeploymentPostprocessing = 0;
		};
/* End PBXFrameworksBuildPhase section */

/* Begin PBXGroup section */
		D6F6403A1E7F065B00F9ADC5 = {
			isa = PBXGroup;
			children = (
				D6F640451E7F065C00F9ADC5 /* TryPages */,
				D6F640441E7F065C00F9ADC5 /* Products */,
			);
			sourceTree = "<group>";
		};
		D6F640441E7F065C00F9ADC5 /* Products */ = {
			isa = PBXGroup;
			children = (
				D6F640431E7F065C00F9ADC5 /* TryPages.app */,
			);
			name = Products;
			sourceTree = "<group>";
		};
		D6F640451E7F065C00F9ADC5 /* TryPages */ = {
			isa = PBXGroup;
			children = (
				D6F640461E7F065C00F9ADC5 /* AppDelegate.swift */,
				D6F640581E7F0DD700F9ADC5 /* PageViewController.swift */,
				D6F6404A1E7F065C00F9ADC5 /* Main.storyboard */,
				D6F6404D1E7F065C00F9ADC5 /* Assets.xcassets */,
				D6F6404F1E7F065C00F9ADC5 /* LaunchScreen.storyboard */,
				D6F640521E7F065C00F9ADC5 /* Info.plist */,
			);
			path = TryPages;
			sourceTree = "<group>";
		};
/* End PBXGroup section */

/* Begin PBXNativeTarget section */
		D6F640421E7F065B00F9ADC5 /* TryPages */ = {
			isa = PBXNativeTarget;
			buildConfigurationList = D6F640551E7F065C00F9ADC5 /* Build configuration list for PBXNativeTarget "TryPages" */;
			buildPhases = (
				D6F6403F1E7F065B00F9ADC5 /* Sources */,
				D6F640401E7F065B00F9ADC5 /* Frameworks */,
				D6F640411E7F065B00F9ADC5 /* Resources */,
			);
			buildRules = (
			);
			dependencies = (
			);
			name = TryPages;
			productName = TryPages;
			productReference = D6F640431E7F065C00F9ADC5 /* TryPages.app */;
			productType = "com.apple.product-type.application";
		};
/* End PBXNativeTarget section */

/* Begin PBXProject section */
		D6F6403B1E7F065B00F9ADC5 /* Project object */ = {
			isa = PBXProject;
			attributes = {
				LastSwiftUpdateCheck = 0810;
				LastUpgradeCheck = 0810;
				ORGANIZATIONNAME = VisionArray;
				TargetAttributes = {
					D6F640421E7F065B00F9ADC5 = {
						CreatedOnToolsVersion = 8.1;
						DevelopmentTeam = 2CY38GJLA6;
						ProvisioningStyle = Automatic;
					};
				};
			};
			buildConfigurationList = D6F6403E1E7F065B00F9ADC5 /* Build configuration list for PBXProject "TryPages" */;
			compatibilityVersion = "Xcode 3.2";
			developmentRegion = English;
			hasScannedForEncodings = 0;
			knownRegions = (
				en,
				Base,
			);
			mainGroup = D6F6403A1E7F065B00F9ADC5;
			productRefGroup = D6F640441E7F065C00F9ADC5 /* Products */;
			projectDirPath = "";
			projectRoot = "";
			targets = (
				D6F640421E7F065B00F9ADC5 /* TryPages */,
			);
		};
/* End PBXProject section */

/* Begin PBXResourcesBuildPhase section */
		D6F640411E7F065B00F9ADC5 /* Resources */ = {
			isa = PBXResourcesBuildPhase;
			buildActionMask = 2147483647;
			files = (
				D6F640511E7F065C00F9ADC5 /* LaunchScreen.storyboard in Resources */,
				D6F6404E1E7F065C00F9ADC5 /* Assets.xcassets in Resources */,
				D6F6404C1E7F065C00F9ADC5 /* Main.storyboard in Resources */,
			);
			runOnlyForDeploymentPostprocessing = 0;
		};
/* End PBXResourcesBuildPhase section */

/* Begin PBXSourcesBuildPhase section */
		D6F6403F1E7F065B00F9ADC5 /* Sources */ = {
			isa = PBXSourcesBuildPhase;
			buildActionMask = 2147483647;
			files = (
				D6F640471E7F065C00F9ADC5 /* AppDelegate.swift in Sources */,
				D6F640591E7F0DD700F9ADC5 /* PageViewController.swift in Sources */,
			);
			runOnlyForDeploymentPostprocessing = 0;
		};
/* End PBXSourcesBuildPhase section */

/* Begin PBXVariantGroup section */
		D6F6404A1E7F065C00F9ADC5 /* Main.storyboard */ = {
			isa = PBXVariantGroup;
			children = (
				D6F6404B1E7F065C00F9ADC5 /* Base */,
			);
			name = Main.storyboard;
			sourceTree = "<group>";
		};
		D6F6404F1E7F065C00F9ADC5 /* LaunchScreen.storyboard */ = {
			isa = PBXVariantGroup;
			children = (
				D6F640501E7F065C00F9ADC5 /* Base */,
			);
			name = LaunchScreen.storyboard;
			sourceTree = "<group>";
		};
/* End PBXVariantGroup section */

/* Begin XCBuildConfiguration section */
		D6F640531E7F065C00F9ADC5 /* Debug */ = {
			isa = XCBuildConfiguration;
			buildSettings = {
				ALWAYS_SEARCH_USER_PATHS = NO;
				CLANG_ANALYZER_NONNULL = YES;
				CLANG_CXX_LANGUAGE_STANDARD = "gnu++0x";
				CLANG_CXX_LIBRARY = "libc++";
				CLANG_ENABLE_MODULES = YES;
				CLANG_ENABLE_OBJC_ARC = YES;
				CLANG_WARN_BOOL_CONVERSION = YES;
				CLANG_WARN_CONSTANT_CONVERSION = YES;
				CLANG_WARN_DIRECT_OBJC_ISA_USAGE = YES_ERROR;
				CLANG_WARN_DOCUMENTATION_COMMENTS = YES;
				CLANG_WARN_EMPTY_BODY = YES;
				CLANG_WARN_ENUM_CONVERSION = YES;
				CLANG_WARN_INFINITE_RECURSION = YES;
				CLANG_WARN_INT_CONVERSION = YES;
				CLANG_WARN_OBJC_ROOT_CLASS = YES_ERROR;
				CLANG_WARN_SUSPICIOUS_MOVES = YES;
				CLANG_WARN_UNREACHABLE_CODE = YES;
				CLANG_WARN__DUPLICATE_METHOD_MATCH = YES;
				"CODE_SIGN_IDENTITY[sdk=iphoneos*]" = "iPhone Developer";
				COPY_PHASE_STRIP = NO;
				DEBUG_INFORMATION_FORMAT = dwarf;
				ENABLE_STRICT_OBJC_MSGSEND = YES;
				ENABLE_TESTABILITY = YES;
				GCC_C_LANGUAGE_STANDARD = gnu99;
				GCC_DYNAMIC_NO_PIC = NO;
				GCC_NO_COMMON_BLOCKS = YES;
				GCC_OPTIMIZATION_LEVEL = 0;
				GCC_PREPROCESSOR_DEFINITIONS = (
					"DEBUG=1",
					"$(inherited)",
				);
				GCC_WARN_64_TO_32_BIT_CONVERSION = YES;
				GCC_WARN_ABOUT_RETURN_TYPE = YES_ERROR;
				GCC_WARN_UNDECLARED_SELECTOR = YES;
				GCC_WARN_UNINITIALIZED_AUTOS = YES_AGGRESSIVE;
				GCC_WARN_UNUSED_FUNCTION = YES;
				GCC_WARN_UNUSED_VARIABLE = YES;
				IPHONEOS_DEPLOYMENT_TARGET = 10.1;
				MTL_ENABLE_DEBUG_INFO = YES;
				ONLY_ACTIVE_ARCH = YES;
				SDKROOT = iphoneos;
				SWIFT_ACTIVE_COMPILATION_CONDITIONS = DEBUG;
				SWIFT_OPTIMIZATION_LEVEL = "-Onone";
			};
			name = Debug;
		};
		D6F640541E7F065C00F9ADC5 /* Release */ = {
			isa = XCBuildConfiguration;
			buildSettings = {
				ALWAYS_SEARCH_USER_PATHS = NO;
				CLANG_ANALYZER_NONNULL = YES;
				CLANG_CXX_LANGUAGE_STANDARD = "gnu++0x";
				CLANG_CXX_LIBRARY = "libc++";
				CLANG_ENABLE_MODULES = YES;
				CLANG_ENABLE_OBJC_ARC = YES;
				CLANG_WARN_BOOL_CONVERSION = YES;
				CLANG_WARN_CONSTANT_CONVERSION = YES;
				CLANG_WARN_DIRECT_OBJC_ISA_USAGE = YES_ERROR;
				CLANG_WARN_DOCUMENTATION_COMMENTS = YES;
				CLANG_WARN_EMPTY_BODY = YES;
				CLANG_WARN_ENUM_CONVERSION = YES;
				CLANG_WARN_INFINITE_RECURSION = YES;
				CLANG_WARN_INT_CONVERSION = YES;
				CLANG_WARN_OBJC_ROOT_CLASS = YES_ERROR;
				CLANG_WARN_SUSPICIOUS_MOVES = YES;
				CLANG_WARN_UNREACHABLE_CODE = YES;
				CLANG_WARN__DUPLICATE_METHOD_MATCH = YES;
				"CODE_SIGN_IDENTITY[sdk=iphoneos*]" = "iPhone Developer";
				COPY_PHASE_STRIP = NO;
				DEBUG_INFORMATION_FORMAT = "dwarf-with-dsym";
				ENABLE_NS_ASSERTIONS = NO;
				ENABLE_STRICT_OBJC_MSGSEND = YES;
				GCC_C_LANGUAGE_STANDARD = gnu99;
				GCC_NO_COMMON_BLOCKS = YES;
				GCC_WARN_64_TO_32_BIT_CONVERSION = YES;
				GCC_WARN_ABOUT_RETURN_TYPE = YES_ERROR;
				GCC_WARN_UNDECLARED_SELECTOR = YES;
				GCC_WARN_UNINITIALIZED_AUTOS = YES_AGGRESSIVE;
				GCC_WARN_UNUSED_FUNCTION = YES;
				GCC_WARN_UNUSED_VARIABLE = YES;
				IPHONEOS_DEPLOYMENT_TARGET = 10.1;
				MTL_ENABLE_DEBUG_INFO = NO;
				SDKROOT = iphoneos;
				SWIFT_OPTIMIZATION_LEVEL = "-Owholemodule";
				VALIDATE_PRODUCT = YES;
			};
			name = Release;
		};
		D6F640561E7F065C00F9ADC5 /* Debug */ = {
			isa = XCBuildConfiguration;
			buildSettings = {
				ASSETCATALOG_COMPILER_APPICON_NAME = AppIcon;
				DEVELOPMENT_TEAM = 2CY38GJLA6;
				INFOPLIST_FILE = TryPages/Info.plist;
				LD_RUNPATH_SEARCH_PATHS = "$(inherited) @executable_path/Frameworks";
				PRODUCT_BUNDLE_IDENTIFIER = In.VisionArray.TryPages;
				PRODUCT_NAME = "$(TARGET_NAME)";
				SWIFT_VERSION = 3.0;
			};
			name = Debug;
		};
		D6F640571E7F065C00F9ADC5 /* Release */ = {
			isa = XCBuildConfiguration;
			buildSettings = {
				ASSETCATALOG_COMPILER_APPICON_NAME = AppIcon;
				DEVELOPMENT_TEAM = 2CY38GJLA6;
				INFOPLIST_FILE = TryPages/Info.plist;
				LD_RUNPATH_SEARCH_PATHS = "$(inherited) @executable_path/Frameworks";
				PRODUCT_BUNDLE_IDENTIFIER = In.VisionArray.TryPages;
				PRODUCT_NAME = "$(TARGET_NAME)";
				SWIFT_VERSION = 3.0;
			};
			name = Release;
		};
/* End XCBuildConfiguration section */

/* Begin XCConfigurationList section */
		D6F6403E1E7F065B00F9ADC5 /* Build configuration list for PBXProject "TryPages" */ = {
			isa = XCConfigurationList;
			buildConfigurations = (
				D6F640531E7F065C00F9ADC5 /* Debug */,
				D6F640541E7F065C00F9ADC5 /* Release */,
			);
			defaultConfigurationIsVisible = 0;
			defaultConfigurationName = Release;
		};
		D6F640551E7F065C00F9ADC5 /* Build configuration list for PBXNativeTarget "TryPages" */ = {
			isa = XCConfigurationList;
			buildConfigurations = (
				D6F640561E7F065C00F9ADC5 /* Debug */,
				D6F640571E7F065C00F9ADC5 /* Release */,
			);
			defaultConfigurationIsVisible = 0;
		};
/* End XCConfigurationList section */
	};
	rootObject = D6F6403B1E7F065B00F9ADC5 /* Project object */;
}
